
Microsoft Visual Studio Solution File, Format Version 12.00
# Visual Studio Version 16
VisualStudioVersion = 16.0.30621.155
MinimumVisualStudioVersion = 10.0.40219.1
Project("{888888A0-9F3D-457C-B088-3A5042F75D52}") = "Rangoli", "Rangoli\Rangoli.pyproj", "{39537D85-B666-43EF-939C-C237F3A2A3FE}"
EndProject
Global
	GlobalSection(SolutionConfigurationPlatforms) = preSolution
		Debug|Any CPU = Debug|Any CPU
		Release|Any CPU = Release|Any CPU
	EndGlobalSection
	GlobalSection(ProjectConfigurationPlatforms) = postSolution
		{39537D85-B666-43EF-939C-C237F3A2A3FE}.Debug|Any CPU.ActiveCfg = Debug|Any CPU
		{39537D85-B666-43EF-939C-C237F3A2A3FE}.Release|Any CPU.ActiveCfg = Release|Any CPU
	EndGlobalSection
	GlobalSection(SolutionProperties) = preSolution
		HideSolutionNode = FALSE
	EndGlobalSection
	GlobalSection(ExtensibilityGlobals) = postSolution
		SolutionGuid = {E435080B-2031-42B6-8F62-852F75006C5A}
	EndGlobalSection
EndGlobal
